
Microsoft Visual Studio Solution File, Format Version 12.00
# Visual Studio Version 17
VisualStudioVersion = 17.0.31903.59
MinimumVisualStudioVersion = 10.0.40219.1
Project("{2150E333-8FDC-42A3-9474-1A3956D46DE8}") = "src", "src", "{4C0965FC-037C-4BA0-9E80-3D45C27FD3BB}"
EndProject
Project("{FAE04EC0-301F-11D3-BF4B-00C04F79EFBC}") = "DistributedTracing.Console", "src\DistributedTracing.Console\DistributedTracing.Console.csproj", "{06DCF23D-26B7-49F4-8042-0251525968D6}"
EndProject
Project("{FAE04EC0-301F-11D3-BF4B-00C04F79EFBC}") = "DistributedTracing.CollectTraces", "src\DistributedTracing.CollectTraces\DistributedTracing.CollectTraces.csproj", "{3BA778C0-577B-455C-B826-B6FDF14A6EFA}"
EndProject
Project("{FAE04EC0-301F-11D3-BF4B-00C04F79EFBC}") = "DistributedTracing.Console.ApplicationInsights", "src\DistributedTracing.Console.ApplicationInsights\DistributedTracing.Console.ApplicationInsights.csproj", "{DC78EA83-F4C9-413B-A098-6843A7A3BDF2}"
EndProject
Project("{2150E333-8FDC-42A3-9474-1A3956D46DE8}") = "items", "items", "{687FD6D0-8056-4CE3-939B-0A4853FB09AA}"
	ProjectSection(SolutionItems) = preProject
		README.md = README.md
	EndProjectSection
EndProject
Project("{FAE04EC0-301F-11D3-BF4B-00C04F79EFBC}") = "DistributedTracing.BackgroundTasksWithHostedService", "src\DistributedTracing.BackgroundTasksWithHostedService\DistributedTracing.BackgroundTasksWithHostedService.csproj", "{5203778D-7B16-490E-94F4-CDB941F80DCF}"
EndProject
Project("{2150E333-8FDC-42A3-9474-1A3956D46DE8}") = "MicroserviceExample", "MicroserviceExample", "{A312A3B6-9E80-4C53-812C-74A9E9839147}"
EndProject
Project("{FAE04EC0-301F-11D3-BF4B-00C04F79EFBC}") = "WorkerService", "src\MicroserviceExample\WorkerService\WorkerService.csproj", "{A44E4785-36FF-4B8D-9E4E-066D092619A9}"
EndProject
Project("{FAE04EC0-301F-11D3-BF4B-00C04F79EFBC}") = "Utils", "src\MicroserviceExample\Utils\Utils.csproj", "{5F97177C-0D1F-451D-8EE1-D712C070101E}"
EndProject
Project("{2150E333-8FDC-42A3-9474-1A3956D46DE8}") = "items", "items", "{051957A1-5986-4F67-AD0A-3F3D21108E64}"
	ProjectSection(SolutionItems) = preProject
		src\MicroserviceExample\docker-compose.yml = src\MicroserviceExample\docker-compose.yml
		src\MicroserviceExample\README.md = src\MicroserviceExample\README.md
	EndProjectSection
EndProject
Project("{FAE04EC0-301F-11D3-BF4B-00C04F79EFBC}") = "WebApi.Sender", "src\MicroserviceExample\WebApi.Sender\WebApi.Sender.csproj", "{31967190-1E09-45F8-82D5-90B42EAC1816}"
EndProject
Global
	GlobalSection(SolutionConfigurationPlatforms) = preSolution
		Debug|Any CPU = Debug|Any CPU
		Release|Any CPU = Release|Any CPU
	EndGlobalSection
	GlobalSection(SolutionProperties) = preSolution
		HideSolutionNode = FALSE
	EndGlobalSection
	GlobalSection(ProjectConfigurationPlatforms) = postSolution
		{06DCF23D-26B7-49F4-8042-0251525968D6}.Debug|Any CPU.ActiveCfg = Debug|Any CPU
		{06DCF23D-26B7-49F4-8042-0251525968D6}.Debug|Any CPU.Build.0 = Debug|Any CPU
		{06DCF23D-26B7-49F4-8042-0251525968D6}.Release|Any CPU.ActiveCfg = Release|Any CPU
		{06DCF23D-26B7-49F4-8042-0251525968D6}.Release|Any CPU.Build.0 = Release|Any CPU
		{3BA778C0-577B-455C-B826-B6FDF14A6EFA}.Debug|Any CPU.ActiveCfg = Debug|Any CPU
		{3BA778C0-577B-455C-B826-B6FDF14A6EFA}.Debug|Any CPU.Build.0 = Debug|Any CPU
		{3BA778C0-577B-455C-B826-B6FDF14A6EFA}.Release|Any CPU.ActiveCfg = Release|Any CPU
		{3BA778C0-577B-455C-B826-B6FDF14A6EFA}.Release|Any CPU.Build.0 = Release|Any CPU
		{DC78EA83-F4C9-413B-A098-6843A7A3BDF2}.Debug|Any CPU.ActiveCfg = Debug|Any CPU
		{DC78EA83-F4C9-413B-A098-6843A7A3BDF2}.Debug|Any CPU.Build.0 = Debug|Any CPU
		{DC78EA83-F4C9-413B-A098-6843A7A3BDF2}.Release|Any CPU.ActiveCfg = Release|Any CPU
		{DC78EA83-F4C9-413B-A098-6843A7A3BDF2}.Release|Any CPU.Build.0 = Release|Any CPU
		{5203778D-7B16-490E-94F4-CDB941F80DCF}.Debug|Any CPU.ActiveCfg = Debug|Any CPU
		{5203778D-7B16-490E-94F4-CDB941F80DCF}.Debug|Any CPU.Build.0 = Debug|Any CPU
		{5203778D-7B16-490E-94F4-CDB941F80DCF}.Release|Any CPU.ActiveCfg = Release|Any CPU
		{5203778D-7B16-490E-94F4-CDB941F80DCF}.Release|Any CPU.Build.0 = Release|Any CPU
		{A44E4785-36FF-4B8D-9E4E-066D092619A9}.Debug|Any CPU.ActiveCfg = Debug|Any CPU
		{A44E4785-36FF-4B8D-9E4E-066D092619A9}.Debug|Any CPU.Build.0 = Debug|Any CPU
		{A44E4785-36FF-4B8D-9E4E-066D092619A9}.Release|Any CPU.ActiveCfg = Release|Any CPU
		{A44E4785-36FF-4B8D-9E4E-066D092619A9}.Release|Any CPU.Build.0 = Release|Any CPU
		{5F97177C-0D1F-451D-8EE1-D712C070101E}.Debug|Any CPU.ActiveCfg = Debug|Any CPU
		{5F97177C-0D1F-451D-8EE1-D712C070101E}.Debug|Any CPU.Build.0 = Debug|Any CPU
		{5F97177C-0D1F-451D-8EE1-D712C070101E}.Release|Any CPU.ActiveCfg = Release|Any CPU
		{5F97177C-0D1F-451D-8EE1-D712C070101E}.Release|Any CPU.Build.0 = Release|Any CPU
		{31967190-1E09-45F8-82D5-90B42EAC1816}.Debug|Any CPU.ActiveCfg = Debug|Any CPU
		{31967190-1E09-45F8-82D5-90B42EAC1816}.Debug|Any CPU.Build.0 = Debug|Any CPU
		{31967190-1E09-45F8-82D5-90B42EAC1816}.Release|Any CPU.ActiveCfg = Release|Any CPU
		{31967190-1E09-45F8-82D5-90B42EAC1816}.Release|Any CPU.Build.0 = Release|Any CPU
	EndGlobalSection
	GlobalSection(NestedProjects) = preSolution
		{3BA778C0-577B-455C-B826-B6FDF14A6EFA} = {4C0965FC-037C-4BA0-9E80-3D45C27FD3BB}
		{06DCF23D-26B7-49F4-8042-0251525968D6} = {4C0965FC-037C-4BA0-9E80-3D45C27FD3BB}
		{DC78EA83-F4C9-413B-A098-6843A7A3BDF2} = {4C0965FC-037C-4BA0-9E80-3D45C27FD3BB}
		{5203778D-7B16-490E-94F4-CDB941F80DCF} = {4C0965FC-037C-4BA0-9E80-3D45C27FD3BB}
		{A312A3B6-9E80-4C53-812C-74A9E9839147} = {4C0965FC-037C-4BA0-9E80-3D45C27FD3BB}
		{A44E4785-36FF-4B8D-9E4E-066D092619A9} = {A312A3B6-9E80-4C53-812C-74A9E9839147}
		{5F97177C-0D1F-451D-8EE1-D712C070101E} = {A312A3B6-9E80-4C53-812C-74A9E9839147}
		{051957A1-5986-4F67-AD0A-3F3D21108E64} = {A312A3B6-9E80-4C53-812C-74A9E9839147}
		{31967190-1E09-45F8-82D5-90B42EAC1816} = {A312A3B6-9E80-4C53-812C-74A9E9839147}
	EndGlobalSection
EndGlobal
